
Microsoft Visual Studio Solution File, Format Version 12.00
# Visual Studio Version 16
VisualStudioVersion = 16.0.30406.217
MinimumVisualStudioVersion = 10.0.40219.1
Project("{FAE04EC0-301F-11D3-BF4B-00C04F79EFBC}") = "Kurs", "Kurs\Kurs.csproj", "{E970BAA8-FBDC-4CC9-89F6-B228CBD7C039}"
EndProject
Global
	GlobalSection(SolutionConfigurationPlatforms) = preSolution
		Debug|Any CPU = Debug|Any CPU
		Release|Any CPU = Release|Any CPU
	EndGlobalSection
	GlobalSection(ProjectConfigurationPlatforms) = postSolution
		{E970BAA8-FBDC-4CC9-89F6-B228CBD7C039}.Debug|Any CPU.ActiveCfg = Debug|Any CPU
		{E970BAA8-FBDC-4CC9-89F6-B228CBD7C039}.Debug|Any CPU.Build.0 = Debug|Any CPU
		{E970BAA8-FBDC-4CC9-89F6-B228CBD7C039}.Release|Any CPU.ActiveCfg = Release|Any CPU
		{E970BAA8-FBDC-4CC9-89F6-B228CBD7C039}.Release|Any CPU.Build.0 = Release|Any CPU
	EndGlobalSection
	GlobalSection(SolutionProperties) = preSolution
		HideSolutionNode = FALSE
	EndGlobalSection
	GlobalSection(ExtensibilityGlobals) = postSolution
		SolutionGuid = {284974EF-D487-4A38-873A-D9D79BBF1749}
	EndGlobalSection
EndGlobal
